<?xml version="1.0" encoding="utf-8"?>
<Project ToolsVersion="4.0" xmlns="http://schemas.microsoft.com/developer/msbuild/2003">
  <ItemGroup>
    <Filter Include="Source Files">
      <UniqueIdentifier>{4FC737F1-C7A5-4376-A066-2A32D752A2FF}</UniqueIdentifier>
      <Extensions>cpp;c;cc;cxx;def;odl;idl;hpj;bat;asm;asmx</Extensions>
    </Filter>
    <Filter Include="Header Files">
      <UniqueIdentifier>{93995380-89BD-4b04-88EB-625FBE52EBFB}</UniqueIdentifier>
      <Extensions>h;hh;hpp;hxx;hm;inl;inc;ipp;xsd</Extensions>
    </Filter>
    <Filter Include="Resource Files">
      <UniqueIdentifier>{67DA6AB6-F800-4c08-8B7A-83BB121AAD01}</UniqueIdentifier>
      <Extensions>rc;ico;cur;bmp;dlg;rc2;rct;bin;rgs;gif;jpg;jpeg;jpe;resx;tiff;tif;png;wav;mfcribbon-ms</Extensions>
    </Filter>
  </ItemGroup>
  <ItemGroup>
    <ClInclude Include="targetver.h">
      <Filter>Header Files</Filter>
    </ClInclude>
    <ClInclude Include="..\DirectoryManagementSystem\DMS.h">
      <Filter>Header Files</Filter>
    </ClInclude>
    <ClInclude Include="..\DirectoryManagementSystem\PersonPhoneContact.h">
      <Filter>Header Files</Filter>
    </ClInclude>
    <ClInclude Include="..\DirectoryManagementSystem\PersonEmailContact.h">
      <Filter>Header Files</Filter>
    </ClInclude>
    <ClInclude Include="..\DirectoryManagementSystem\PersonContact.h">
      <Filter>Header Files</Filter>
    </ClInclude>
    <ClInclude Include="..\DirectoryManagementSystem\PersonAddressContact.h">
      <Filter>Header Files</Filter>
    </ClInclude>
    <ClInclude Include="..\DirectoryManagementSystem\Contact.h">
      <Filter>Header Files</Filter>
    </ClInclude>
    <ClInclude Include="..\DirectoryManagementSystem\BusinessWebContact.h">
      <Filter>Header Files</Filter>
    </ClInclude>
    <ClInclude Include="..\DirectoryManagementSystem\BusinessPhoneContact.h">
      <Filter>Header Files</Filter>
    </ClInclude>
    <ClInclude Include="..\DirectoryManagementSystem\BusinessContact.h">
      <Filter>Header Files</Filter>
    </ClInclude>
    <ClInclude Include="..\DirectoryManagementSystem\BusinessAddressContact.h">
      <Filter>Header Files</Filter>
    </ClInclude>
    <ClInclude Include="..\DirectoryManagementSystem\Graph.h">
      <Filter>Header Files</Filter>
    </ClInclude>
    <ClInclude Include="..\DirectoryManagementSystem\Partition.h">
      <Filter>Header Files</Filter>
    </ClInclude>
  </ItemGroup>
  <ItemGroup>
    <ClCompile Include="..\DirectoryManagementSystem\DMS.cpp">
      <Filter>Source Files</Filter>
    </ClCompile>
    <ClCompile Include="..\DirectoryManagementSystem\PersonPhoneContact.cpp">
      <Filter>Source Files</Filter>
    </ClCompile>
    <ClCompile Include="..\DirectoryManagementSystem\PersonEmailContact.cpp">
      <Filter>Source Files</Filter>
    </ClCompile>
    <ClCompile Include="..\DirectoryManagementSystem\PersonContact.cpp">
      <Filter>Source Files</Filter>
    </ClCompile>
    <ClCompile Include="..\DirectoryManagementSystem\PersonAddressContact.cpp">
      <Filter>Source Files</Filter>
    </ClCompile>
    <ClCompile Include="..\DirectoryManagementSystem\Contact.cpp">
      <Filter>Source Files</Filter>
    </ClCompile>
    <ClCompile Include="..\DirectoryManagementSystem\BusinessWebContact.cpp">
      <Filter>Source Files</Filter>
    </ClCompile>
    <ClCompile Include="..\DirectoryManagementSystem\BusinessPhoneContact.cpp">
      <Filter>Source Files</Filter>
    </ClCompile>
    <ClCompile Include="..\DirectoryManagementSystem\BusinessContact.cpp">
      <Filter>Source Files</Filter>
    </ClCompile>
    <ClCompile Include="..\DirectoryManagementSystem\BusinessAddressContact.cpp">
      <Filter>Source Files</Filter>
    </ClCompile>
    <ClCompile Include="UTDMS.cpp">
      <Filter>Source Files</Filter>
    </ClCompile>
    <ClCompile Include="..\DirectoryManagementSystem\Graph.cpp">
      <Filter>Source Files</Filter>
    </ClCompile>
    <ClCompile Include="..\DirectoryManagementSystem\Partition.cpp">
      <Filter>Source Files</Filter>
    </ClCompile>
  </ItemGroup>
  <ItemGroup>
    <None Include="..\DirectoryManagementSystem\EXCEL.EXE" />
    <None Include="..\DirectoryManagementSystem\MSO.DLL" />
    <None Include="..\DirectoryManagementSystem\VBE6EXT.OLB" />
  </ItemGroup>
  <ItemGroup>
    <Text Include="UTInput1.txt">
      <Filter>Resource Files</Filter>
    </Text>
  </ItemGroup>
</Project>